
Microsoft Visual Studio Solution File, Format Version 12.00
# Visual Studio Version 17
VisualStudioVersion = 17.11.35312.102
MinimumVisualStudioVersion = 10.0.40219.1
Project("{FAE04EC0-301F-11D3-BF4B-00C04F79EFBC}") = "ProjetoAcademico", "ProjetoAcademico\ProjetoAcademico.csproj", "{A38B4AF1-2E4A-42F5-86C1-50961A2ADB92}"
EndProject
Global
	GlobalSection(SolutionConfigurationPlatforms) = preSolution
		Debug|Any CPU = Debug|Any CPU
		Release|Any CPU = Release|Any CPU
	EndGlobalSection
	GlobalSection(ProjectConfigurationPlatforms) = postSolution
		{A38B4AF1-2E4A-42F5-86C1-50961A2ADB92}.Debug|Any CPU.ActiveCfg = Debug|Any CPU
		{A38B4AF1-2E4A-42F5-86C1-50961A2ADB92}.Debug|Any CPU.Build.0 = Debug|Any CPU
		{A38B4AF1-2E4A-42F5-86C1-50961A2ADB92}.Release|Any CPU.ActiveCfg = Release|Any CPU
		{A38B4AF1-2E4A-42F5-86C1-50961A2ADB92}.Release|Any CPU.Build.0 = Release|Any CPU
	EndGlobalSection
	GlobalSection(SolutionProperties) = preSolution
		HideSolutionNode = FALSE
	EndGlobalSection
	GlobalSection(ExtensibilityGlobals) = postSolution
		SolutionGuid = {DE861B6E-BEF4-403C-9387-B61D39482DB6}
	EndGlobalSection
EndGlobal
